
Microsoft Visual Studio Solution File, Format Version 12.00
# Visual Studio Version 16
VisualStudioVersion = 16.0.32002.261
MinimumVisualStudioVersion = 10.0.40219.1
Project("{FAE04EC0-301F-11D3-BF4B-00C04F79EFBC}") = "LearnApi", "LearnApi\LearnApi.csproj", "{CBF59B94-FF91-449C-A284-ECD58DE5581C}"
EndProject
Global
	GlobalSection(SolutionConfigurationPlatforms) = preSolution
		Debug|Any CPU = Debug|Any CPU
		Release|Any CPU = Release|Any CPU
	EndGlobalSection
	GlobalSection(ProjectConfigurationPlatforms) = postSolution
		{CBF59B94-FF91-449C-A284-ECD58DE5581C}.Debug|Any CPU.ActiveCfg = Debug|Any CPU
		{CBF59B94-FF91-449C-A284-ECD58DE5581C}.Debug|Any CPU.Build.0 = Debug|Any CPU
		{CBF59B94-FF91-449C-A284-ECD58DE5581C}.Release|Any CPU.ActiveCfg = Release|Any CPU
		{CBF59B94-FF91-449C-A284-ECD58DE5581C}.Release|Any CPU.Build.0 = Release|Any CPU
	EndGlobalSection
	GlobalSection(SolutionProperties) = preSolution
		HideSolutionNode = FALSE
	EndGlobalSection
	GlobalSection(ExtensibilityGlobals) = postSolution
		SolutionGuid = {5BD7FD6C-7B3A-4843-AA35-E1AA5D1C6CE9}
	EndGlobalSection
EndGlobal
